
Microsoft Visual Studio Solution File, Format Version 12.00
# Visual Studio Version 18
VisualStudioVersion = 18.6.11822.322 stable
MinimumVisualStudioVersion = 10.0.40219.1
Project("{FAE04EC0-301F-11D3-BF4B-00C04F79EFBC}") = "procreate-api", "procreate-api.csproj", "{1B767842-94B7-6B4D-80AF-FFF7C4015790}"
EndProject
Global
	GlobalSection(SolutionConfigurationPlatforms) = preSolution
		Debug|Any CPU = Debug|Any CPU
		Release|Any CPU = Release|Any CPU
	EndGlobalSection
	GlobalSection(ProjectConfigurationPlatforms) = postSolution
		{1B767842-94B7-6B4D-80AF-FFF7C4015790}.Debug|Any CPU.ActiveCfg = Debug|Any CPU
		{1B767842-94B7-6B4D-80AF-FFF7C4015790}.Debug|Any CPU.Build.0 = Debug|Any CPU
		{1B767842-94B7-6B4D-80AF-FFF7C4015790}.Release|Any CPU.ActiveCfg = Release|Any CPU
		{1B767842-94B7-6B4D-80AF-FFF7C4015790}.Release|Any CPU.Build.0 = Release|Any CPU
	EndGlobalSection
	GlobalSection(SolutionProperties) = preSolution
		HideSolutionNode = FALSE
	EndGlobalSection
	GlobalSection(ExtensibilityGlobals) = postSolution
		SolutionGuid = {B2761DC9-16DD-477F-97E5-068EE6AA8A8E}
	EndGlobalSection
EndGlobal
